
Microsoft Visual Studio Solution File, Format Version 12.00
# Visual Studio Version 17
VisualStudioVersion = 17.11.35327.3
MinimumVisualStudioVersion = 10.0.40219.1
Project("{FAE04EC0-301F-11D3-BF4B-00C04F79EFBC}") = "ProyectoFinal", "ProyectoFinal\ProyectoFinal.csproj", "{28EC3904-FC3B-4230-87E7-30538F7FD82E}"
EndProject
Global
	GlobalSection(SolutionConfigurationPlatforms) = preSolution
		Debug|Any CPU = Debug|Any CPU
		Release|Any CPU = Release|Any CPU
	EndGlobalSection
	GlobalSection(ProjectConfigurationPlatforms) = postSolution
		{28EC3904-FC3B-4230-87E7-30538F7FD82E}.Debug|Any CPU.ActiveCfg = Debug|Any CPU
		{28EC3904-FC3B-4230-87E7-30538F7FD82E}.Debug|Any CPU.Build.0 = Debug|Any CPU
		{28EC3904-FC3B-4230-87E7-30538F7FD82E}.Release|Any CPU.ActiveCfg = Release|Any CPU
		{28EC3904-FC3B-4230-87E7-30538F7FD82E}.Release|Any CPU.Build.0 = Release|Any CPU
	EndGlobalSection
	GlobalSection(SolutionProperties) = preSolution
		HideSolutionNode = FALSE
	EndGlobalSection
	GlobalSection(ExtensibilityGlobals) = postSolution
		SolutionGuid = {A16A6C08-0973-4525-83F8-FFAEE5C58E10}
	EndGlobalSection
EndGlobal
